
Microsoft Visual Studio Solution File, Format Version 12.00
# Visual Studio Version 17
VisualStudioVersion = 17.11.35327.3
MinimumVisualStudioVersion = 10.0.40219.1
Project("{FAE04EC0-301F-11D3-BF4B-00C04F79EFBC}") = "ProjetoTarget04_Percentual", "ProjetoTarget04_Percentual\ProjetoTarget04_Percentual.csproj", "{FE9F9530-44C5-444C-97FC-A481CB37BEB5}"
EndProject
Global
	GlobalSection(SolutionConfigurationPlatforms) = preSolution
		Debug|Any CPU = Debug|Any CPU
		Release|Any CPU = Release|Any CPU
	EndGlobalSection
	GlobalSection(ProjectConfigurationPlatforms) = postSolution
		{FE9F9530-44C5-444C-97FC-A481CB37BEB5}.Debug|Any CPU.ActiveCfg = Debug|Any CPU
		{FE9F9530-44C5-444C-97FC-A481CB37BEB5}.Debug|Any CPU.Build.0 = Debug|Any CPU
		{FE9F9530-44C5-444C-97FC-A481CB37BEB5}.Release|Any CPU.ActiveCfg = Release|Any CPU
		{FE9F9530-44C5-444C-97FC-A481CB37BEB5}.Release|Any CPU.Build.0 = Release|Any CPU
	EndGlobalSection
	GlobalSection(SolutionProperties) = preSolution
		HideSolutionNode = FALSE
	EndGlobalSection
	GlobalSection(ExtensibilityGlobals) = postSolution
		SolutionGuid = {C4C519A6-D84D-402F-95B0-8D4B19D4B790}
	EndGlobalSection
EndGlobal
