
Microsoft Visual Studio Solution File, Format Version 12.00
# Visual Studio Version 17
VisualStudioVersion = 17.11.35327.3
MinimumVisualStudioVersion = 10.0.40219.1
Project("{FAE04EC0-301F-11D3-BF4B-00C04F79EFBC}") = "ProjetoTarget01_Soma", "ProjetoTarget01_Soma\ProjetoTarget01_Soma.csproj", "{027293AE-8924-42DB-BDF7-80690A446937}"
EndProject
Global
	GlobalSection(SolutionConfigurationPlatforms) = preSolution
		Debug|Any CPU = Debug|Any CPU
		Release|Any CPU = Release|Any CPU
	EndGlobalSection
	GlobalSection(ProjectConfigurationPlatforms) = postSolution
		{027293AE-8924-42DB-BDF7-80690A446937}.Debug|Any CPU.ActiveCfg = Debug|Any CPU
		{027293AE-8924-42DB-BDF7-80690A446937}.Debug|Any CPU.Build.0 = Debug|Any CPU
		{027293AE-8924-42DB-BDF7-80690A446937}.Release|Any CPU.ActiveCfg = Release|Any CPU
		{027293AE-8924-42DB-BDF7-80690A446937}.Release|Any CPU.Build.0 = Release|Any CPU
	EndGlobalSection
	GlobalSection(SolutionProperties) = preSolution
		HideSolutionNode = FALSE
	EndGlobalSection
	GlobalSection(ExtensibilityGlobals) = postSolution
		SolutionGuid = {F17C432D-83B5-481D-BD58-89C22B583FBB}
	EndGlobalSection
EndGlobal
